
Microsoft Visual Studio Solution File, Format Version 12.00
# Visual Studio Version 16
VisualStudioVersion = 16.0.30011.22
MinimumVisualStudioVersion = 10.0.40219.1
Project("{FAE04EC0-301F-11D3-BF4B-00C04F79EFBC}") = "PoshSec.Framework.Forms", "poshsecframework\PoshSec.Framework.Forms.csproj", "{156F1B6C-69B5-44E5-BD5E-EE19516F9D4A}"
EndProject
Project("{FAE04EC0-301F-11D3-BF4B-00C04F79EFBC}") = "PoshSec.Framework.Test", "PoshSec.Framework.Test\PoshSec.Framework.Test.csproj", "{B1AC6AA0-2F1A-4696-BF4B-0E41CF2F4B6B}"
EndProject
Global
	GlobalSection(SolutionConfigurationPlatforms) = preSolution
		Debug|Any CPU = Debug|Any CPU
		Release|Any CPU = Release|Any CPU
	EndGlobalSection
	GlobalSection(ProjectConfigurationPlatforms) = postSolution
		{156F1B6C-69B5-44E5-BD5E-EE19516F9D4A}.Debug|Any CPU.ActiveCfg = Debug|Any CPU
		{156F1B6C-69B5-44E5-BD5E-EE19516F9D4A}.Debug|Any CPU.Build.0 = Debug|Any CPU
		{156F1B6C-69B5-44E5-BD5E-EE19516F9D4A}.Release|Any CPU.ActiveCfg = Release|Any CPU
		{156F1B6C-69B5-44E5-BD5E-EE19516F9D4A}.Release|Any CPU.Build.0 = Release|Any CPU
		{B1AC6AA0-2F1A-4696-BF4B-0E41CF2F4B6B}.Debug|Any CPU.ActiveCfg = Debug|Any CPU
		{B1AC6AA0-2F1A-4696-BF4B-0E41CF2F4B6B}.Debug|Any CPU.Build.0 = Debug|Any CPU
		{B1AC6AA0-2F1A-4696-BF4B-0E41CF2F4B6B}.Release|Any CPU.ActiveCfg = Release|Any CPU
		{B1AC6AA0-2F1A-4696-BF4B-0E41CF2F4B6B}.Release|Any CPU.Build.0 = Release|Any CPU
	EndGlobalSection
	GlobalSection(SolutionProperties) = preSolution
		HideSolutionNode = FALSE
	EndGlobalSection
	GlobalSection(ExtensibilityGlobals) = postSolution
		SolutionGuid = {2CFC9554-0DE0-4B3C-9C20-C6C2CF23B7AA}
	EndGlobalSection
EndGlobal
